
Microsoft Visual Studio Solution File, Format Version 12.00
# Visual Studio 2013
VisualStudioVersion = 12.0.21005.1
MinimumVisualStudioVersion = 10.0.40219.1
Project("{FAE04EC0-301F-11D3-BF4B-00C04F79EFBC}") = "GRInstaller3000", "GRInstaller3000\GRInstaller3000.csproj", "{925AE267-7E71-4318-AF22-2CAF176B90AA}"
EndProject
Project("{FAE04EC0-301F-11D3-BF4B-00C04F79EFBC}") = "GRInstaller3000Creator", "GRInstaller3000Creator\GRInstaller3000Creator.csproj", "{80364B78-933B-4E2D-A487-A85C54B34742}"
EndProject
Project("{FAE04EC0-301F-11D3-BF4B-00C04F79EFBC}") = "GRInstaller3000Classes", "GRInstaller3000Classes\GRInstaller3000Classes.csproj", "{D186EADE-E5AD-40AB-B344-BCEF3869B8A8}"
EndProject
Global
	GlobalSection(SolutionConfigurationPlatforms) = preSolution
		Debug|Any CPU = Debug|Any CPU
		Release|Any CPU = Release|Any CPU
	EndGlobalSection
	GlobalSection(ProjectConfigurationPlatforms) = postSolution
		{925AE267-7E71-4318-AF22-2CAF176B90AA}.Debug|Any CPU.ActiveCfg = Debug|Any CPU
		{925AE267-7E71-4318-AF22-2CAF176B90AA}.Debug|Any CPU.Build.0 = Debug|Any CPU
		{925AE267-7E71-4318-AF22-2CAF176B90AA}.Release|Any CPU.ActiveCfg = Release|Any CPU
		{925AE267-7E71-4318-AF22-2CAF176B90AA}.Release|Any CPU.Build.0 = Release|Any CPU
		{80364B78-933B-4E2D-A487-A85C54B34742}.Debug|Any CPU.ActiveCfg = Debug|Any CPU
		{80364B78-933B-4E2D-A487-A85C54B34742}.Debug|Any CPU.Build.0 = Debug|Any CPU
		{80364B78-933B-4E2D-A487-A85C54B34742}.Release|Any CPU.ActiveCfg = Release|Any CPU
		{80364B78-933B-4E2D-A487-A85C54B34742}.Release|Any CPU.Build.0 = Release|Any CPU
		{D186EADE-E5AD-40AB-B344-BCEF3869B8A8}.Debug|Any CPU.ActiveCfg = Debug|Any CPU
		{D186EADE-E5AD-40AB-B344-BCEF3869B8A8}.Debug|Any CPU.Build.0 = Debug|Any CPU
		{D186EADE-E5AD-40AB-B344-BCEF3869B8A8}.Release|Any CPU.ActiveCfg = Release|Any CPU
		{D186EADE-E5AD-40AB-B344-BCEF3869B8A8}.Release|Any CPU.Build.0 = Release|Any CPU
	EndGlobalSection
	GlobalSection(SolutionProperties) = preSolution
		HideSolutionNode = FALSE
	EndGlobalSection
EndGlobal
